
Microsoft Visual Studio Solution File, Format Version 12.00
# Visual Studio Version 16
VisualStudioVersion = 16.0.30621.155
MinimumVisualStudioVersion = 10.0.40219.1
Project("{9A19103F-16F7-4668-BE54-9A1E7A4F7556}") = "BookListRazor", "BookListRazor.csproj", "{D1CBBCAC-222A-4049-A672-E9390AB88BBB}"
EndProject
Global
	GlobalSection(SolutionConfigurationPlatforms) = preSolution
		Debug|Any CPU = Debug|Any CPU
		Release|Any CPU = Release|Any CPU
	EndGlobalSection
	GlobalSection(ProjectConfigurationPlatforms) = postSolution
		{D1CBBCAC-222A-4049-A672-E9390AB88BBB}.Debug|Any CPU.ActiveCfg = Debug|Any CPU
		{D1CBBCAC-222A-4049-A672-E9390AB88BBB}.Debug|Any CPU.Build.0 = Debug|Any CPU
		{D1CBBCAC-222A-4049-A672-E9390AB88BBB}.Release|Any CPU.ActiveCfg = Release|Any CPU
		{D1CBBCAC-222A-4049-A672-E9390AB88BBB}.Release|Any CPU.Build.0 = Release|Any CPU
	EndGlobalSection
	GlobalSection(SolutionProperties) = preSolution
		HideSolutionNode = FALSE
	EndGlobalSection
	GlobalSection(ExtensibilityGlobals) = postSolution
		SolutionGuid = {2A7DA1B1-0F88-4779-AE0B-C4E388397EAD}
	EndGlobalSection
EndGlobal
